
Microsoft Visual Studio Solution File, Format Version 12.00
# Visual Studio Version 17
VisualStudioVersion = 17.5.33502.453
MinimumVisualStudioVersion = 10.0.40219.1
Project("{FAE04EC0-301F-11D3-BF4B-00C04F79EFBC}") = "Paystack.Core.SDK", "Paystack.Core.SDK\Paystack.Core.SDK.csproj", "{A68EDC71-11C6-4CD0-90FB-9F48A3B4D851}"
EndProject
Project("{FAE04EC0-301F-11D3-BF4B-00C04F79EFBC}") = "Paystack.Core.TestConsole", "Paystack.Core.TestConsole\Paystack.Core.TestConsole.csproj", "{0031272E-2F65-493B-B55C-4C9CDB1B1320}"
EndProject
Global
	GlobalSection(SolutionConfigurationPlatforms) = preSolution
		Debug|Any CPU = Debug|Any CPU
		Release|Any CPU = Release|Any CPU
	EndGlobalSection
	GlobalSection(ProjectConfigurationPlatforms) = postSolution
		{A68EDC71-11C6-4CD0-90FB-9F48A3B4D851}.Debug|Any CPU.ActiveCfg = Debug|Any CPU
		{A68EDC71-11C6-4CD0-90FB-9F48A3B4D851}.Debug|Any CPU.Build.0 = Debug|Any CPU
		{A68EDC71-11C6-4CD0-90FB-9F48A3B4D851}.Release|Any CPU.ActiveCfg = Release|Any CPU
		{A68EDC71-11C6-4CD0-90FB-9F48A3B4D851}.Release|Any CPU.Build.0 = Release|Any CPU
		{0031272E-2F65-493B-B55C-4C9CDB1B1320}.Debug|Any CPU.ActiveCfg = Debug|Any CPU
		{0031272E-2F65-493B-B55C-4C9CDB1B1320}.Debug|Any CPU.Build.0 = Debug|Any CPU
		{0031272E-2F65-493B-B55C-4C9CDB1B1320}.Release|Any CPU.ActiveCfg = Release|Any CPU
		{0031272E-2F65-493B-B55C-4C9CDB1B1320}.Release|Any CPU.Build.0 = Release|Any CPU
	EndGlobalSection
	GlobalSection(SolutionProperties) = preSolution
		HideSolutionNode = FALSE
	EndGlobalSection
	GlobalSection(ExtensibilityGlobals) = postSolution
		SolutionGuid = {D5150BC0-28DB-4ED8-899D-31C9CD9C3361}
	EndGlobalSection
EndGlobal
